hash: 9683c87b3cf998e7fac1b12c4a94bf2bd18cb5422e9108539811546e703a439a
updated: 2016-07-12T16:20:45.462913061+09:00
imports:
- name: github.com/asaskevich/govalidator
  version: df81827fdd59d8b4fb93d8910b286ab7a3919520
- name: github.com/aws/aws-sdk-go
  version: 90dec2183a5f5458ee79cbaf4b8e9ab910bc81a6
  subpackages:
  - aws
  - aws/credentials
  - aws/session
  - service/s3
  - aws/awserr
  - aws/client
  - aws/corehandlers
  - aws/defaults
  - aws/request
  - private/endpoints
  - aws/awsutil
  - aws/client/metadata
  - aws/signer/v4
  - private/protocol
  - private/protocol/restxml
  - private/waiter
  - aws/credentials/ec2rolecreds
  - aws/ec2metadata
  - private/protocol/rest
  - private/protocol/query
  - private/protocol/xml/xmlutil
  - private/protocol/query/queryutil
- name: github.com/Azure/azure-sdk-for-go
  version: 58a13e378daf3b06e65925397185684b16321111
  subpackages:
  - storage
- name: github.com/BurntSushi/toml
  version: ffaa107fbd880f6d18cd6fec9b511668dcad8639
- name: github.com/cenkalti/backoff
  version: cdf48bbc1eb78d1349cbda326a4a037f7ba565c6
- name: github.com/cheggaaa/pb
  version: 04b234c80d661c663dbcebd52fc7218fdacc6d0c
- name: github.com/go-ini/ini
  version: cf53f9204df4fbdd7ec4164b57fa6184ba168292
- name: github.com/google/subcommands
  version: 1c7173745a6001f67d8d96ab4e178284c77f7759
- name: github.com/gosuri/uitable
  version: 36ee7e946282a3fb1cfecd476ddc9b35d8847e42
  subpackages:
  - util/strutil
  - util/wordwrap
- name: github.com/howeyc/gopass
  version: 66487b23f2880ba32e185121d2cd51a338ea069a
- name: github.com/jinzhu/gorm
  version: 613c0655691abb7691b70c5fda80a716d9e20b1b
- name: github.com/jinzhu/inflection
  version: 8f4d3a0d04ce0b7c0cf3126fb98524246d00d102
- name: github.com/jmespath/go-jmespath
  version: 0b12d6b521d83fc7f755e7cfc1b1fbdd35a01a74
- name: github.com/jroimartin/gocui
  version: 2dcda558bf18ec07c7065bf1eaf071b5305f7c0c
- name: github.com/k0kubun/pp
  version: f5dce6ed0ccf6c350f1679964ff6b61f3d6d2033
- name: github.com/kotakanbe/go-cve-dictionary
  version: 1a336b8ac785badfe89a175ee926d39574901232
  subpackages:
  - config
  - db
  - models
  - log
  - jvn
  - nvd
- name: github.com/kotakanbe/go-pingscanner
  version: 58e188a3e4f6ab1a6371e33421e4502e26fa1e80
- name: github.com/kotakanbe/logrus-prefixed-formatter
  version: f4f7d41649cf1e75e736884da8d05324aa76ea25
- name: github.com/mattn/go-colorable
  version: 9056b7a9f2d1f2d96498d6d146acd1f9d5ed3d59
- name: github.com/mattn/go-isatty
  version: 56b76bdf51f7708750eac80fa38b952bb9f32639
- name: github.com/mattn/go-runewidth
  version: d6bea18f789704b5f83375793155289da36a3c7f
- name: github.com/mattn/go-sqlite3
  version: 38ee283dabf11c9cbdb968eebd79b1fa7acbabe6
- name: github.com/mgutz/ansi
  version: c286dcecd19ff979eeb73ea444e479b903f2cfcb
- name: github.com/moul/http2curl
  version: b1479103caacaa39319f75e7f57fc545287fca0d
- name: github.com/nsf/termbox-go
  version: c45773466a30b680355d6494cc8826113c93cd0f
- name: github.com/parnurzeal/gorequest
  version: 6e8ad4ebdee4bec2934ed5afaaa1c7b877832a17
- name: github.com/rifflock/lfshook
  version: 05a24e24fa8d3a2eca8c2baf23aa2d5a2c51490c
- name: github.com/Sirupsen/logrus
  version: f3cfb454f4c209e6668c95216c4744b8fddb2356
- name: golang.org/x/crypto
  version: c2f4947f41766b144bb09066e919466da5eddeae
  subpackages:
  - ssh
  - ssh/agent
  - ssh/terminal
  - curve25519
  - ed25519
  - ed25519/internal/edwards25519
- name: golang.org/x/net
  version: f841c39de738b1d0df95b5a7187744f0e03d8112
  subpackages:
  - context
  - publicsuffix
- name: golang.org/x/sys
  version: a408501be4d17ee978c04a618e7a1b22af058c0e
  subpackages:
  - unix
- name: gopkg.in/alexcesaro/quotedprintable.v3
  version: 2caba252f4dc53eaf6b553000885530023f54623
devImports: []
