hash: c3167d83e68562cd7ef73f138ce60cb9e60b72b50394e8615388d1f3ba9fbef2
updated: 2017-02-08T11:59:59.893522816+09:00
imports:
- name: github.com/asaskevich/govalidator
  version: 7b3beb6df3c42abd3509abfc3bcacc0fbfb7c877
- name: github.com/aws/aws-sdk-go
  version: 5b341290c488aa6bd76b335d819b4a68516ec3ab
  subpackages:
  - aws
  - aws/awserr
  - aws/awsutil
  - aws/client
  - aws/client/metadata
  - aws/corehandlers
  - aws/credentials
  - aws/credentials/ec2rolecreds
  - aws/credentials/endpointcreds
  - aws/credentials/stscreds
  - aws/defaults
  - aws/ec2metadata
  - aws/request
  - aws/session
  - aws/signer/v4
  - private/endpoints
  - private/protocol
  - private/protocol/query
  - private/protocol/query/queryutil
  - private/protocol/rest
  - private/protocol/restxml
  - private/protocol/xml/xmlutil
  - private/waiter
  - service/s3
  - service/sts
- name: github.com/Azure/azure-sdk-for-go
  version: 27ae5c8b5bc5d90ab0540b4c5d0f2632c8db8b57
  subpackages:
  - storage
- name: github.com/boltdb/bolt
  version: 315c65d4cf4f5278c73477a35fb1f9b08365d340
- name: github.com/BurntSushi/toml
  version: 99064174e013895bbd9b025c31100bd1d9b590ca
- name: github.com/cenkalti/backoff
  version: 8edc80b07f38c27352fb186d971c628a6c32552b
- name: github.com/cheggaaa/pb
  version: ad4efe000aa550bb54918c06ebbadc0ff17687b9
- name: github.com/go-ini/ini
  version: 6e4869b434bd001f6983749881c7ead3545887d8
- name: github.com/go-sql-driver/mysql
  version: d512f204a577a4ab037a1816604c48c9c13210be
- name: github.com/google/subcommands
  version: a71b91e238406bd68766ee52db63bebedce0e9f6
- name: github.com/gosuri/uitable
  version: 36ee7e946282a3fb1cfecd476ddc9b35d8847e42
  subpackages:
  - util/strutil
  - util/wordwrap
- name: github.com/howeyc/gopass
  version: f5387c492211eb133053880d23dfae62aa14123d
- name: github.com/jinzhu/gorm
  version: 39165d498058a823126af3cbf4d2a3b0e1acf11e
  subpackages:
  - dialects/mysql
  - dialects/sqlite
- name: github.com/jinzhu/inflection
  version: 74387dc39a75e970e7a3ae6a3386b5bd2e5c5cff
- name: github.com/jmespath/go-jmespath
  version: bd40a432e4c76585ef6b72d3fd96fb9b6dc7b68d
- name: github.com/jroimartin/gocui
  version: ba396278de0a3c63658bbaba13d2d2fa392edb11
- name: github.com/k0kubun/pp
  version: f5dce6ed0ccf6c350f1679964ff6b61f3d6d2033
- name: github.com/kotakanbe/go-cve-dictionary
  version: bbfdd41e7785a9b7163b5109b10ac2dea8f36d84
  subpackages:
  - config
  - db
  - jvn
  - log
  - models
  - nvd
  - util
- name: github.com/kotakanbe/go-pingscanner
  version: 58e188a3e4f6ab1a6371e33421e4502e26fa1e80
- name: github.com/kotakanbe/logrus-prefixed-formatter
  version: f4f7d41649cf1e75e736884da8d05324aa76ea25
- name: github.com/mattn/go-colorable
  version: 6c903ff4aa50920ca86087a280590b36b3152b9c
- name: github.com/mattn/go-isatty
  version: 66b8e73f3f5cda9f96b69efd03dd3d7fc4a5cdb8
- name: github.com/mattn/go-runewidth
  version: 737072b4e32b7a5018b4a7125da8d12de90e8045
- name: github.com/mattn/go-sqlite3
  version: 5510da399572b4962c020184bb291120c0a412e2
- name: github.com/mgutz/ansi
  version: c286dcecd19ff979eeb73ea444e479b903f2cfcb
- name: github.com/moul/http2curl
  version: b1479103caacaa39319f75e7f57fc545287fca0d
- name: github.com/nsf/termbox-go
  version: b6acae516ace002cb8105a89024544a1480655a5
- name: github.com/parnurzeal/gorequest
  version: e37b9d1efacf7c94820b29b75dd7d0c2996b3fb1
- name: github.com/rifflock/lfshook
  version: 3f9d976bd7402de39b46357069fb6325a974572e
- name: github.com/Sirupsen/logrus
  version: 3ec0642a7fb6488f65b06f9040adc67e3990296a
- name: golang.org/x/crypto
  version: 9477e0b78b9ac3d0b03822fd95422e2fe07627cd
  subpackages:
  - curve25519
  - ed25519
  - ed25519/internal/edwards25519
  - ssh
  - ssh/agent
  - ssh/terminal
- name: golang.org/x/net
  version: 1d7a0b2100da090d8b02afcfb42f97e2c77e71a4
  subpackages:
  - publicsuffix
- name: golang.org/x/sys
  version: 9bb9f0998d48b31547d975974935ae9b48c7a03c
  subpackages:
  - unix
testImports: []
