hash: 28d14f88e90c0765c1b660ddde796e51e197239d353bb79bfc5d8f8cf9b5f9ee
updated: 2016-09-20T10:05:42.83736026+09:00
imports:
- name: github.com/asaskevich/govalidator
  version: 593d64559f7600f29581a3ee42177f5dbded27a9
- name: github.com/aws/aws-sdk-go
  version: bc572378d109481c50d45d9dba4490d80386e98e
  subpackages:
  - aws
  - aws/credentials
  - aws/session
  - service/s3
  - aws/awserr
  - aws/client
  - aws/corehandlers
  - aws/credentials/stscreds
  - aws/defaults
  - aws/request
  - private/endpoints
  - aws/awsutil
  - aws/client/metadata
  - aws/signer/v4
  - private/protocol
  - private/protocol/restxml
  - private/waiter
  - service/sts
  - aws/credentials/ec2rolecreds
  - aws/credentials/endpointcreds
  - aws/ec2metadata
  - private/protocol/rest
  - private/protocol/query
  - private/protocol/xml/xmlutil
  - private/protocol/query/queryutil
- name: github.com/Azure/azure-sdk-for-go
  version: 34467930a15f0d2872168deb11435b8ac3d863bb
  subpackages:
  - storage
- name: github.com/boltdb/bolt
  version: fff57c100f4dea1905678da7e90d92429dff2904
- name: github.com/BurntSushi/toml
  version: 99064174e013895bbd9b025c31100bd1d9b590ca
- name: github.com/cenkalti/backoff
  version: 8edc80b07f38c27352fb186d971c628a6c32552b
- name: github.com/cheggaaa/pb
  version: ad4efe000aa550bb54918c06ebbadc0ff17687b9
- name: github.com/go-ini/ini
  version: 6e4869b434bd001f6983749881c7ead3545887d8
- name: github.com/google/subcommands
  version: 1c7173745a6001f67d8d96ab4e178284c77f7759
- name: github.com/gosuri/uitable
  version: 36ee7e946282a3fb1cfecd476ddc9b35d8847e42
  subpackages:
  - util/strutil
  - util/wordwrap
- name: github.com/howeyc/gopass
  version: 3ca23474a7c7203e0a0a070fd33508f6efdb9b3d
- name: github.com/jinzhu/gorm
  version: 02f6ae3c4ed211472b0492cee02ff3ddfdc1830d
- name: github.com/jinzhu/inflection
  version: 74387dc39a75e970e7a3ae6a3386b5bd2e5c5cff
- name: github.com/jmespath/go-jmespath
  version: bd40a432e4c76585ef6b72d3fd96fb9b6dc7b68d
- name: github.com/jroimartin/gocui
  version: 30f7d65597dc2c421ce452b164c36b7014ef94be
- name: github.com/k0kubun/pp
  version: f5dce6ed0ccf6c350f1679964ff6b61f3d6d2033
- name: github.com/kotakanbe/go-cve-dictionary
  version: f9f68fee57dca8e60fb5d9d6b34d3215d854fc06
  subpackages:
  - config
  - models
  - db
  - log
  - jvn
  - nvd
  - util
- name: github.com/kotakanbe/go-pingscanner
  version: 58e188a3e4f6ab1a6371e33421e4502e26fa1e80
- name: github.com/kotakanbe/logrus-prefixed-formatter
  version: f4f7d41649cf1e75e736884da8d05324aa76ea25
- name: github.com/mattn/go-colorable
  version: ed8eb9e318d7a84ce5915b495b7d35e0cfe7b5a8
- name: github.com/mattn/go-isatty
  version: 66b8e73f3f5cda9f96b69efd03dd3d7fc4a5cdb8
- name: github.com/mattn/go-runewidth
  version: d6bea18f789704b5f83375793155289da36a3c7f
- name: github.com/mattn/go-sqlite3
  version: 3fb7a0e792edd47bf0cf1e919dfc14e2be412e15
- name: github.com/mgutz/ansi
  version: c286dcecd19ff979eeb73ea444e479b903f2cfcb
- name: github.com/moul/http2curl
  version: b1479103caacaa39319f75e7f57fc545287fca0d
- name: github.com/nsf/termbox-go
  version: e8f6d27f72a2f2bb598eb3579afd5ea364ef67f7
- name: github.com/parnurzeal/gorequest
  version: 2aea80ce763523ecc6452e61c3727ae9595a5809
- name: github.com/rifflock/lfshook
  version: f9d14dda07b109a7aa56f135c31b34062eb14392
- name: github.com/Sirupsen/logrus
  version: 3ec0642a7fb6488f65b06f9040adc67e3990296a
- name: golang.org/x/crypto
  version: 9e590154d2353f3f5e1b24da7275686040dcf491
  subpackages:
  - ssh
  - ssh/agent
  - ssh/terminal
  - curve25519
  - ed25519
  - ed25519/internal/edwards25519
- name: golang.org/x/net
  version: 9313baa13d9262e49d07b20ed57dceafcd7240cc
  subpackages:
  - context
  - publicsuffix
- name: golang.org/x/sys
  version: 30de6d19a3bd89a5f38ae4028e23aaa5582648af
  subpackages:
  - unix
- name: gopkg.in/alexcesaro/quotedprintable.v3
  version: 2caba252f4dc53eaf6b553000885530023f54623
devImports: []
